{
	"name": "mcpackage-cli",
	"version": "1.1.0",
	"lockfileVersion": 1,
	"requires": true,
	"dependencies": {
		"@types/js-yaml": {
			"version": "3.12.5",
			"resolved": "https://registry.npmjs.org/@types/js-yaml/-/js-yaml-3.12.5.tgz",
			"integrity": "sha512-JCcp6J0GV66Y4ZMDAQCXot4xprYB+Zfd3meK9+INSJeVZwJmHAW30BBEEkPzXswMXuiyReUGOP3GxrADc9wPww==",
			"dev": true
		},
		"@types/minimist": {
			"version": "1.2.0",
			"resolved": "https://registry.npmjs.org/@types/minimist/-/minimist-1.2.0.tgz",
			"integrity": "sha1-aaI6OtKcrwCX8G7aWbNh7i8GOfY=",
			"dev": true
		},
		"@types/node": {
			"version": "11.13.15",
			"resolved": "https://registry.npmjs.org/@types/node/-/node-11.13.15.tgz",
			"integrity": "sha512-x6ypl5Uzly+j23hbxmMzf12Eb4lOhIEqQz0HuczpTUa1KIx1GpbN/o4E3aAED20UoEsdK0wvyY8QcffuWSLDkw==",
			"dev": true
		},
		"@types/uuid": {
			"version": "3.4.4",
			"resolved": "https://registry.npmjs.org/@types/uuid/-/uuid-3.4.4.tgz",
			"integrity": "sha512-tPIgT0GUmdJQNSHxp0X2jnpQfBSTfGxUMc/2CXBU2mnyTFVYVa2ojpoQ74w0U2yn2vw3jnC640+77lkFFpdVDw==",
			"dev": true,
			"requires": {
				"@types/node": "*"
			}
		},
		"argparse": {
			"version": "1.0.10",
			"resolved": "https://registry.npmjs.org/argparse/-/argparse-1.0.10.tgz",
			"integrity": "sha512-o5Roy6tNG4SL/FOkCAN6RzjiakZS25RLYFrcMttJqbdd8BWrnA+fGz57iN5Pb06pvBGvl5gQ0B48dJlslXvoTg==",
			"requires": {
				"sprintf-js": "~1.0.2"
			}
		},
		"esprima": {
			"version": "4.0.1",
			"resolved": "https://registry.npmjs.org/esprima/-/esprima-4.0.1.tgz",
			"integrity": "sha512-eGuFFw7Upda+g4p+QHvnW0RyTX/SVeJBDM/gCtMARO0cLuT2HcEKnTPvhjV6aGeqrCB/sbNop0Kszm0jsaWU4A=="
		},
		"js-yaml": {
			"version": "3.14.0",
			"resolved": "https://registry.npmjs.org/js-yaml/-/js-yaml-3.14.0.tgz",
			"integrity": "sha512-/4IbIeHcD9VMHFqDR/gQ7EdZdLimOvW2DdcxFjdyyZ9NsbS+ccrXqVWDtab/lRl5AlUqmpBx8EhPaWR+OtY17A==",
			"requires": {
				"argparse": "^1.0.7",
				"esprima": "^4.0.0"
			}
		},
		"jszip": {
			"version": "2.5.0",
			"resolved": "https://registry.npmjs.org/jszip/-/jszip-2.5.0.tgz",
			"integrity": "sha1-dET9hVHd8+XacZj+oMkbyDCMwnQ=",
			"requires": {
				"pako": "~0.2.5"
			}
		},
		"minimist": {
			"version": "1.2.5",
			"resolved": "https://registry.npmjs.org/minimist/-/minimist-1.2.5.tgz",
			"integrity": "sha512-FM9nNUYrRBAELZQT3xeZQ7fmMOBg6nWNmJKTcgsJeaLstP/UODVpGsr5OhXhhXg6f+qtJ8uiZ+PUxkDWcgIXLw=="
		},
		"node-zip": {
			"version": "1.1.1",
			"resolved": "https://registry.npmjs.org/node-zip/-/node-zip-1.1.1.tgz",
			"integrity": "sha1-lNGtZ0o81GoViN1zb0qaeMdX62I=",
			"requires": {
				"jszip": "2.5.0"
			}
		},
		"pako": {
			"version": "0.2.9",
			"resolved": "https://registry.npmjs.org/pako/-/pako-0.2.9.tgz",
			"integrity": "sha1-8/dSL073gjSNqBYbrZ7P1Rv4OnU="
		},
		"sprintf-js": {
			"version": "1.0.3",
			"resolved": "https://registry.npmjs.org/sprintf-js/-/sprintf-js-1.0.3.tgz",
			"integrity": "sha1-BOaSb2YolTVPPdAVIDYzuFcpfiw="
		},
		"typescript": {
			"version": "3.9.7",
			"resolved": "https://registry.npmjs.org/typescript/-/typescript-3.9.7.tgz",
			"integrity": "sha512-BLbiRkiBzAwsjut4x/dsibSTB6yWpwT5qWmC2OfuCg3GgVQCSgMs4vEctYPhsaGtd0AeuuHMkjZ2h2WG8MSzRw==",
			"dev": true
		},
		"uuid": {
			"version": "8.3.1",
			"resolved": "https://registry.npmjs.org/uuid/-/uuid-8.3.1.tgz",
			"integrity": "sha512-FOmRr+FmWEIG8uhZv6C2bTgEVXsHk08kE7mPlrBbEe+c3r9pjceVPgupIfNIhc4yx55H69OXANrUaSuu9eInKg=="
		}
	}
}
